
Microsoft Visual Studio Solution File, Format Version 12.00
# Visual Studio Version 17
VisualStudioVersion = 17.9.34607.119
MinimumVisualStudioVersion = 10.0.40219.1
Project("{FAE04EC0-301F-11D3-BF4B-00C04F79EFBC}") = "AppCSV", "AppCSV\AppCSV.csproj", "{21608C15-D8B8-477E-A832-F96BB41EFDED}"
EndProject
Global
	GlobalSection(SolutionConfigurationPlatforms) = preSolution
		Debug|Any CPU = Debug|Any CPU
		Release|Any CPU = Release|Any CPU
	EndGlobalSection
	GlobalSection(ProjectConfigurationPlatforms) = postSolution
		{21608C15-D8B8-477E-A832-F96BB41EFDED}.Debug|Any CPU.ActiveCfg = Debug|Any CPU
		{21608C15-D8B8-477E-A832-F96BB41EFDED}.Debug|Any CPU.Build.0 = Debug|Any CPU
		{21608C15-D8B8-477E-A832-F96BB41EFDED}.Release|Any CPU.ActiveCfg = Release|Any CPU
		{21608C15-D8B8-477E-A832-F96BB41EFDED}.Release|Any CPU.Build.0 = Release|Any CPU
	EndGlobalSection
	GlobalSection(SolutionProperties) = preSolution
		HideSolutionNode = FALSE
	EndGlobalSection
	GlobalSection(ExtensibilityGlobals) = postSolution
		SolutionGuid = {418E0F47-5D23-44AE-8593-76B2CA62D68E}
	EndGlobalSection
EndGlobal
